
Microsoft Visual Studio Solution File, Format Version 12.00
# Visual Studio Version 17
VisualStudioVersion = 17.11.35222.181
MinimumVisualStudioVersion = 10.0.40219.1
Project("{FAE04EC0-301F-11D3-BF4B-00C04F79EFBC}") = "Leccion28", "Leccion28.csproj", "{8601C59A-0682-4EE4-935B-05B8C62FF44C}"
EndProject
Global
	GlobalSection(SolutionConfigurationPlatforms) = preSolution
		Debug|Any CPU = Debug|Any CPU
		Release|Any CPU = Release|Any CPU
	EndGlobalSection
	GlobalSection(ProjectConfigurationPlatforms) = postSolution
		{8601C59A-0682-4EE4-935B-05B8C62FF44C}.Debug|Any CPU.ActiveCfg = Debug|Any CPU
		{8601C59A-0682-4EE4-935B-05B8C62FF44C}.Debug|Any CPU.Build.0 = Debug|Any CPU
		{8601C59A-0682-4EE4-935B-05B8C62FF44C}.Release|Any CPU.ActiveCfg = Release|Any CPU
		{8601C59A-0682-4EE4-935B-05B8C62FF44C}.Release|Any CPU.Build.0 = Release|Any CPU
	EndGlobalSection
	GlobalSection(SolutionProperties) = preSolution
		HideSolutionNode = FALSE
	EndGlobalSection
	GlobalSection(ExtensibilityGlobals) = postSolution
		SolutionGuid = {B8EAFC23-2F18-471D-9964-0A5AD8C732C8}
	EndGlobalSection
EndGlobal
